
Microsoft Visual Studio Solution File, Format Version 12.00
# Visual Studio Version 17
VisualStudioVersion = 17.5.33414.496
MinimumVisualStudioVersion = 10.0.40219.1
Project("{9A19103F-16F7-4668-BE54-9A1E7A4F7556}") = "KaraokeWebApi", "KaraokeWebApi\KaraokeWebApi.csproj", "{46BE778B-2B67-4CC5-B9BA-5CA204BDE042}"
EndProject
Global
	GlobalSection(SolutionConfigurationPlatforms) = preSolution
		Debug|Any CPU = Debug|Any CPU
		Release|Any CPU = Release|Any CPU
	EndGlobalSection
	GlobalSection(ProjectConfigurationPlatforms) = postSolution
		{46BE778B-2B67-4CC5-B9BA-5CA204BDE042}.Debug|Any CPU.ActiveCfg = Debug|Any CPU
		{46BE778B-2B67-4CC5-B9BA-5CA204BDE042}.Debug|Any CPU.Build.0 = Debug|Any CPU
		{46BE778B-2B67-4CC5-B9BA-5CA204BDE042}.Release|Any CPU.ActiveCfg = Release|Any CPU
		{46BE778B-2B67-4CC5-B9BA-5CA204BDE042}.Release|Any CPU.Build.0 = Release|Any CPU
	EndGlobalSection
	GlobalSection(SolutionProperties) = preSolution
		HideSolutionNode = FALSE
	EndGlobalSection
	GlobalSection(ExtensibilityGlobals) = postSolution
		SolutionGuid = {A2BA5C34-273E-4AC2-90A1-4FCAAC2A34B7}
	EndGlobalSection
EndGlobal
